
Microsoft Visual Studio Solution File, Format Version 12.00
# Visual Studio 15
VisualStudioVersion = 15.0.25807.0
MinimumVisualStudioVersion = 10.0.40219.1
Project("{2150E333-8FDC-42A3-9474-1A3956D46DE8}") = "Engine", "Engine", "{6F0D39D0-1401-4C5E-A641-858AFA87B6C8}"
EndProject
Project("{2150E333-8FDC-42A3-9474-1A3956D46DE8}") = "Games", "Games", "{BAE98AC6-C8D2-46DD-9DA9-F1C754860DD2}"
EndProject
Project("{8BC9CEB8-8B4A-11D0-8D11-00A0C91BC942}") = "UE4", "Intermediate\ProjectFiles\UE4.vcxproj", "{29364685-CE44-4F9C-9713-FBB7BEB62126}"
EndProject
Project("{8BC9CEB8-8B4A-11D0-8D11-00A0C91BC942}") = "BuildingEscape", "Intermediate\ProjectFiles\BuildingEscape.vcxproj", "{084B5ABD-286B-4C15-86D1-B982600D3545}"
EndProject
Global
	GlobalSection(SolutionConfigurationPlatforms) = preSolution
		DebugGame Editor|HTML5 = DebugGame Editor|HTML5
		DebugGame Editor|Win32 = DebugGame Editor|Win32
		DebugGame Editor|Win64 = DebugGame Editor|Win64
		DebugGame|HTML5 = DebugGame|HTML5
		DebugGame|Win32 = DebugGame|Win32
		DebugGame|Win64 = DebugGame|Win64
		Development Editor|HTML5 = Development Editor|HTML5
		Development Editor|Win32 = Development Editor|Win32
		Development Editor|Win64 = Development Editor|Win64
		Development|HTML5 = Development|HTML5
		Development|Win32 = Development|Win32
		Development|Win64 = Development|Win64
		Shipping|HTML5 = Shipping|HTML5
		Shipping|Win32 = Shipping|Win32
		Shipping|Win64 = Shipping|Win64
	EndGlobalSection
	GlobalSection(ProjectConfigurationPlatforms) = postSolution
		{29364685-CE44-4F9C-9713-FBB7BEB62126}.DebugGame Editor|HTML5.ActiveCfg = BuiltWithUnrealBuildTool|Win32
		{29364685-CE44-4F9C-9713-FBB7BEB62126}.DebugGame Editor|HTML5.Build.0 = BuiltWithUnrealBuildTool|Win32
		{29364685-CE44-4F9C-9713-FBB7BEB62126}.DebugGame Editor|Win32.ActiveCfg = BuiltWithUnrealBuildTool|Win32
		{29364685-CE44-4F9C-9713-FBB7BEB62126}.DebugGame Editor|Win32.Build.0 = BuiltWithUnrealBuildTool|Win32
		{29364685-CE44-4F9C-9713-FBB7BEB62126}.DebugGame Editor|Win64.ActiveCfg = BuiltWithUnrealBuildTool|Win32
		{29364685-CE44-4F9C-9713-FBB7BEB62126}.DebugGame Editor|Win64.Build.0 = BuiltWithUnrealBuildTool|Win32
		{29364685-CE44-4F9C-9713-FBB7BEB62126}.DebugGame|HTML5.ActiveCfg = BuiltWithUnrealBuildTool|Win32
		{29364685-CE44-4F9C-9713-FBB7BEB62126}.DebugGame|HTML5.Build.0 = BuiltWithUnrealBuildTool|Win32
		{29364685-CE44-4F9C-9713-FBB7BEB62126}.DebugGame|Win32.ActiveCfg = BuiltWithUnrealBuildTool|Win32
		{29364685-CE44-4F9C-9713-FBB7BEB62126}.DebugGame|Win32.Build.0 = BuiltWithUnrealBuildTool|Win32
		{29364685-CE44-4F9C-9713-FBB7BEB62126}.DebugGame|Win64.ActiveCfg = BuiltWithUnrealBuildTool|Win32
		{29364685-CE44-4F9C-9713-FBB7BEB62126}.DebugGame|Win64.Build.0 = BuiltWithUnrealBuildTool|Win32
		{29364685-CE44-4F9C-9713-FBB7BEB62126}.Development Editor|HTML5.ActiveCfg = BuiltWithUnrealBuildTool|Win32
		{29364685-CE44-4F9C-9713-FBB7BEB62126}.Development Editor|HTML5.Build.0 = BuiltWithUnrealBuildTool|Win32
		{29364685-CE44-4F9C-9713-FBB7BEB62126}.Development Editor|Win32.ActiveCfg = BuiltWithUnrealBuildTool|Win32
		{29364685-CE44-4F9C-9713-FBB7BEB62126}.Development Editor|Win32.Build.0 = BuiltWithUnrealBuildTool|Win32
		{29364685-CE44-4F9C-9713-FBB7BEB62126}.Development Editor|Win64.ActiveCfg = BuiltWithUnrealBuildTool|Win32
		{29364685-CE44-4F9C-9713-FBB7BEB62126}.Development Editor|Win64.Build.0 = BuiltWithUnrealBuildTool|Win32
		{29364685-CE44-4F9C-9713-FBB7BEB62126}.Development|HTML5.ActiveCfg = BuiltWithUnrealBuildTool|Win32
		{29364685-CE44-4F9C-9713-FBB7BEB62126}.Development|HTML5.Build.0 = BuiltWithUnrealBuildTool|Win32
		{29364685-CE44-4F9C-9713-FBB7BEB62126}.Development|Win32.ActiveCfg = BuiltWithUnrealBuildTool|Win32
		{29364685-CE44-4F9C-9713-FBB7BEB62126}.Development|Win32.Build.0 = BuiltWithUnrealBuildTool|Win32
		{29364685-CE44-4F9C-9713-FBB7BEB62126}.Development|Win64.ActiveCfg = BuiltWithUnrealBuildTool|Win32
		{29364685-CE44-4F9C-9713-FBB7BEB62126}.Development|Win64.Build.0 = BuiltWithUnrealBuildTool|Win32
		{29364685-CE44-4F9C-9713-FBB7BEB62126}.Shipping|HTML5.ActiveCfg = BuiltWithUnrealBuildTool|Win32
		{29364685-CE44-4F9C-9713-FBB7BEB62126}.Shipping|HTML5.Build.0 = BuiltWithUnrealBuildTool|Win32
		{29364685-CE44-4F9C-9713-FBB7BEB62126}.Shipping|Win32.ActiveCfg = BuiltWithUnrealBuildTool|Win32
		{29364685-CE44-4F9C-9713-FBB7BEB62126}.Shipping|Win32.Build.0 = BuiltWithUnrealBuildTool|Win32
		{29364685-CE44-4F9C-9713-FBB7BEB62126}.Shipping|Win64.ActiveCfg = BuiltWithUnrealBuildTool|Win32
		{29364685-CE44-4F9C-9713-FBB7BEB62126}.Shipping|Win64.Build.0 = BuiltWithUnrealBuildTool|Win32
		{084B5ABD-286B-4C15-86D1-B982600D3545}.DebugGame Editor|HTML5.ActiveCfg = HTML5_DebugGame_Editor|Win32
		{084B5ABD-286B-4C15-86D1-B982600D3545}.DebugGame Editor|Win32.ActiveCfg = DebugGame_Editor|Win32
		{084B5ABD-286B-4C15-86D1-B982600D3545}.DebugGame Editor|Win64.ActiveCfg = DebugGame_Editor|x64
		{084B5ABD-286B-4C15-86D1-B982600D3545}.DebugGame Editor|Win64.Build.0 = DebugGame_Editor|x64
		{084B5ABD-286B-4C15-86D1-B982600D3545}.DebugGame|HTML5.ActiveCfg = HTML5_DebugGame_Game|Win32
		{084B5ABD-286B-4C15-86D1-B982600D3545}.DebugGame|HTML5.Build.0 = HTML5_DebugGame_Game|Win32
		{084B5ABD-286B-4C15-86D1-B982600D3545}.DebugGame|Win32.ActiveCfg = DebugGame_Game|Win32
		{084B5ABD-286B-4C15-86D1-B982600D3545}.DebugGame|Win32.Build.0 = DebugGame_Game|Win32
		{084B5ABD-286B-4C15-86D1-B982600D3545}.DebugGame|Win64.ActiveCfg = DebugGame_Game|x64
		{084B5ABD-286B-4C15-86D1-B982600D3545}.DebugGame|Win64.Build.0 = DebugGame_Game|x64
		{084B5ABD-286B-4C15-86D1-B982600D3545}.Development Editor|HTML5.ActiveCfg = HTML5_Development_Editor|Win32
		{084B5ABD-286B-4C15-86D1-B982600D3545}.Development Editor|Win32.ActiveCfg = Development_Editor|Win32
		{084B5ABD-286B-4C15-86D1-B982600D3545}.Development Editor|Win64.ActiveCfg = Development_Editor|x64
		{084B5ABD-286B-4C15-86D1-B982600D3545}.Development Editor|Win64.Build.0 = Development_Editor|x64
		{084B5ABD-286B-4C15-86D1-B982600D3545}.Development|HTML5.ActiveCfg = HTML5_Development_Game|Win32
		{084B5ABD-286B-4C15-86D1-B982600D3545}.Development|HTML5.Build.0 = HTML5_Development_Game|Win32
		{084B5ABD-286B-4C15-86D1-B982600D3545}.Development|Win32.ActiveCfg = Development_Game|Win32
		{084B5ABD-286B-4C15-86D1-B982600D3545}.Development|Win32.Build.0 = Development_Game|Win32
		{084B5ABD-286B-4C15-86D1-B982600D3545}.Development|Win64.ActiveCfg = Development_Game|x64
		{084B5ABD-286B-4C15-86D1-B982600D3545}.Development|Win64.Build.0 = Development_Game|x64
		{084B5ABD-286B-4C15-86D1-B982600D3545}.Shipping|HTML5.ActiveCfg = HTML5_Shipping_Game|Win32
		{084B5ABD-286B-4C15-86D1-B982600D3545}.Shipping|HTML5.Build.0 = HTML5_Shipping_Game|Win32
		{084B5ABD-286B-4C15-86D1-B982600D3545}.Shipping|Win32.ActiveCfg = Shipping_Game|Win32
		{084B5ABD-286B-4C15-86D1-B982600D3545}.Shipping|Win32.Build.0 = Shipping_Game|Win32
		{084B5ABD-286B-4C15-86D1-B982600D3545}.Shipping|Win64.ActiveCfg = Shipping_Game|x64
		{084B5ABD-286B-4C15-86D1-B982600D3545}.Shipping|Win64.Build.0 = Shipping_Game|x64
	EndGlobalSection
	GlobalSection(SolutionProperties) = preSolution
		HideSolutionNode = FALSE
	EndGlobalSection
	GlobalSection(NestedProjects) = preSolution
		{29364685-CE44-4F9C-9713-FBB7BEB62126} = {6F0D39D0-1401-4C5E-A641-858AFA87B6C8}
		{084B5ABD-286B-4C15-86D1-B982600D3545} = {BAE98AC6-C8D2-46DD-9DA9-F1C754860DD2}
	EndGlobalSection
	GlobalSection(ExtensibilityGlobals) = postSolution
		SolutionGuid = {192ECCB8-73F6-4192-BFDC-4ABE9A3B3430}
	EndGlobalSection
EndGlobal
